// !$*UTF8*$!
{
	archiveVersion = 1;
	classes = {
	};
	objectVersion = 48;
	objects = {

/* Begin PBXBuildFile section */
		DC7565A020749BBD00872BF2 /* AppDelegate.swift in Sources */ = {isa = PBXBuildFile; fileRef = DC75659F20749BBD00872BF2 /* AppDelegate.swift */; };
		DC7565A220749BBD00872BF2 /* ViewController.swift in Sources */ = {isa = PBXBuildFile; fileRef = DC7565A120749BBD00872BF2 /* ViewController.swift */; };
		DC7565A520749BBD00872BF2 /* Main.storyboard in Resources */ = {isa = PBXBuildFile; fileRef = DC7565A320749BBD00872BF2 /* Main.storyboard */; };
		DC7565A720749BBD00872BF2 /* Assets.xcassets in Resources */ = {isa = PBXBuildFile; fileRef = DC7565A620749BBD00872BF2 /* Assets.xcassets */; };
		DC7565AA20749BBD00872BF2 /* LaunchScreen.storyboard in Resources */ = {isa = PBXBuildFile; fileRef = DC7565A820749BBD00872BF2 /* LaunchScreen.storyboard */; };
		DC7565B520749BBE00872BF2 /* SnapshotSampleTests.swift in Sources */ = {isa = PBXBuildFile; fileRef = DC7565B420749BBE00872BF2 /* SnapshotSampleTests.swift */; };
		DC7565C020749BBE00872BF2 /* SnapshotSampleUITests.swift in Sources */ = {isa = PBXBuildFile; fileRef = DC7565BF20749BBE00872BF2 /* SnapshotSampleUITests.swift */; };
		DC7565CE20749DC300872BF2 /* SnapshotHelper.swift in Sources */ = {isa = PBXBuildFile; fileRef = DC7565CD20749DC300872BF2 /* SnapshotHelper.swift */; };
		DC7565D12074A8CB00872BF2 /* Coordinator.swift in Sources */ = {isa = PBXBuildFile; fileRef = DC7565D02074A8CB00872BF2 /* Coordinator.swift */; };
		DC7565D32074A8DD00872BF2 /* ApplicationCoordinator.swift in Sources */ = {isa = PBXBuildFile; fileRef = DC7565D22074A8DD00872BF2 /* ApplicationCoordinator.swift */; };
		DC7565D62074AEED00872BF2 /* InjectionViewController.swift in Sources */ = {isa = PBXBuildFile; fileRef = DC7565D52074AEED00872BF2 /* InjectionViewController.swift */; };
		DC7565D82074BB6E00872BF2 /* HomeCoordinator.swift in Sources */ = {isa = PBXBuildFile; fileRef = DC7565D72074BB6E00872BF2 /* HomeCoordinator.swift */; };
		DC7565DA2074BB8800872BF2 /* SerialCoordinator.swift in Sources */ = {isa = PBXBuildFile; fileRef = DC7565D92074BB8800872BF2 /* SerialCoordinator.swift */; };
		DC7565DC2074BB9C00872BF2 /* PopularCoordinator.swift in Sources */ = {isa = PBXBuildFile; fileRef = DC7565DB2074BB9C00872BF2 /* PopularCoordinator.swift */; };
		DC7565DE2074BBB000872BF2 /* MagazineCoordinator.swift in Sources */ = {isa = PBXBuildFile; fileRef = DC7565DD2074BBB000872BF2 /* MagazineCoordinator.swift */; };
		DC7565E02074BBC300872BF2 /* SettingCoordinator.swift in Sources */ = {isa = PBXBuildFile; fileRef = DC7565DF2074BBC300872BF2 /* SettingCoordinator.swift */; };
		DC7565E22074E11C00872BF2 /* FeatureCoordinator.swift in Sources */ = {isa = PBXBuildFile; fileRef = DC7565E12074E11C00872BF2 /* FeatureCoordinator.swift */; };
		DC7565E42075BF0100872BF2 /* BuyTicketCoordinator.swift in Sources */ = {isa = PBXBuildFile; fileRef = DC7565E32075BF0100872BF2 /* BuyTicketCoordinator.swift */; };
/* End PBXBuildFile section */

/* Begin PBXContainerItemProxy section */
		DC7565B120749BBE00872BF2 /* PBXContainerItemProxy */ = {
			isa = PBXContainerItemProxy;
			containerPortal = DC75659420749BBD00872BF2 /* Project object */;
			proxyType = 1;
			remoteGlobalIDString = DC75659B20749BBD00872BF2;
			remoteInfo = SnapshotSample;
		};
		DC7565BC20749BBE00872BF2 /* PBXContainerItemProxy */ = {
			isa = PBXContainerItemProxy;
			containerPortal = DC75659420749BBD00872BF2 /* Project object */;
			proxyType = 1;
			remoteGlobalIDString = DC75659B20749BBD00872BF2;
			remoteInfo = SnapshotSample;
		};
/* End PBXContainerItemProxy section */

/* Begin PBXFileReference section */
		DC75659C20749BBD00872BF2 /* SnapshotSample.app */ = {isa = PBXFileReference; explicitFileType = wrapper.application; includeInIndex = 0; path = SnapshotSample.app; sourceTree = BUILT_PRODUCTS_DIR; };
		DC75659F20749BBD00872BF2 /* AppDelegate.swift */ = {isa = PBXFileReference; lastKnownFileType = sourcecode.swift; path = AppDelegate.swift; sourceTree = "<group>"; };
		DC7565A120749BBD00872BF2 /* ViewController.swift */ = {isa = PBXFileReference; lastKnownFileType = sourcecode.swift; path = ViewController.swift; sourceTree = "<group>"; };
		DC7565A420749BBD00872BF2 /* Base */ = {isa = PBXFileReference; lastKnownFileType = file.storyboard; name = Base; path = Base.lproj/Main.storyboard; sourceTree = "<group>"; };
		DC7565A620749BBD00872BF2 /* Assets.xcassets */ = {isa = PBXFileReference; lastKnownFileType = folder.assetcatalog; path = Assets.xcassets; sourceTree = "<group>"; };
		DC7565A920749BBD00872BF2 /* Base */ = {isa = PBXFileReference; lastKnownFileType = file.storyboard; name = Base; path = Base.lproj/LaunchScreen.storyboard; sourceTree = "<group>"; };
		DC7565AB20749BBD00872BF2 /* Info.plist */ = {isa = PBXFileReference; lastKnownFileType = text.plist.xml; path = Info.plist; sourceTree = "<group>"; };
		DC7565B020749BBE00872BF2 /* SnapshotSampleTests.xctest */ = {isa = PBXFileReference; explicitFileType = wrapper.cfbundle; includeInIndex = 0; path = SnapshotSampleTests.xctest; sourceTree = BUILT_PRODUCTS_DIR; };
		DC7565B420749BBE00872BF2 /* SnapshotSampleTests.swift */ = {isa = PBXFileReference; lastKnownFileType = sourcecode.swift; path = SnapshotSampleTests.swift; sourceTree = "<group>"; };
		DC7565B620749BBE00872BF2 /* Info.plist */ = {isa = PBXFileReference; lastKnownFileType = text.plist.xml; path = Info.plist; sourceTree = "<group>"; };
		DC7565BB20749BBE00872BF2 /* SnapshotSampleUITests.xctest */ = {isa = PBXFileReference; explicitFileType = wrapper.cfbundle; includeInIndex = 0; path = SnapshotSampleUITests.xctest; sourceTree = BUILT_PRODUCTS_DIR; };
		DC7565BF20749BBE00872BF2 /* SnapshotSampleUITests.swift */ = {isa = PBXFileReference; lastKnownFileType = sourcecode.swift; path = SnapshotSampleUITests.swift; sourceTree = "<group>"; };
		DC7565C120749BBE00872BF2 /* Info.plist */ = {isa = PBXFileReference; lastKnownFileType = text.plist.xml; path = Info.plist; sourceTree = "<group>"; };
		DC7565CD20749DC300872BF2 /* SnapshotHelper.swift */ = {isa = PBXFileReference; fileEncoding = 4; lastKnownFileType = sourcecode.swift; name = SnapshotHelper.swift; path = fastlane/SnapshotHelper.swift; sourceTree = SOURCE_ROOT; };
		DC7565D02074A8CB00872BF2 /* Coordinator.swift */ = {isa = PBXFileReference; lastKnownFileType = sourcecode.swift; path = Coordinator.swift; sourceTree = "<group>"; };
		DC7565D22074A8DD00872BF2 /* ApplicationCoordinator.swift */ = {isa = PBXFileReference; lastKnownFileType = sourcecode.swift; path = ApplicationCoordinator.swift; sourceTree = "<group>"; };
		DC7565D52074AEED00872BF2 /* InjectionViewController.swift */ = {isa = PBXFileReference; lastKnownFileType = sourcecode.swift; path = InjectionViewController.swift; sourceTree = "<group>"; };
		DC7565D72074BB6E00872BF2 /* HomeCoordinator.swift */ = {isa = PBXFileReference; lastKnownFileType = sourcecode.swift; path = HomeCoordinator.swift; sourceTree = "<group>"; };
		DC7565D92074BB8800872BF2 /* SerialCoordinator.swift */ = {isa = PBXFileReference; lastKnownFileType = sourcecode.swift; path = SerialCoordinator.swift; sourceTree = "<group>"; };
		DC7565DB2074BB9C00872BF2 /* PopularCoordinator.swift */ = {isa = PBXFileReference; lastKnownFileType = sourcecode.swift; path = PopularCoordinator.swift; sourceTree = "<group>"; };
		DC7565DD2074BBB000872BF2 /* MagazineCoordinator.swift */ = {isa = PBXFileReference; lastKnownFileType = sourcecode.swift; path = MagazineCoordinator.swift; sourceTree = "<group>"; };
		DC7565DF2074BBC300872BF2 /* SettingCoordinator.swift */ = {isa = PBXFileReference; lastKnownFileType = sourcecode.swift; path = SettingCoordinator.swift; sourceTree = "<group>"; };
		DC7565E12074E11C00872BF2 /* FeatureCoordinator.swift */ = {isa = PBXFileReference; lastKnownFileType = sourcecode.swift; path = FeatureCoordinator.swift; sourceTree = "<group>"; };
		DC7565E32075BF0100872BF2 /* BuyTicketCoordinator.swift */ = {isa = PBXFileReference; lastKnownFileType = sourcecode.swift; path = BuyTicketCoordinator.swift; sourceTree = "<group>"; };
/* End PBXFileReference section */

/* Begin PBXFrameworksBuildPhase section */
		DC75659920749BBD00872BF2 /* Frameworks */ = {
			isa = PBXFrameworksBuildPhase;
			buildActionMask = 2147483647;
			files = (
			);
			runOnlyForDeploymentPostprocessing = 0;
		};
		DC7565AD20749BBE00872BF2 /* Frameworks */ = {
			isa = PBXFrameworksBuildPhase;
			buildActionMask = 2147483647;
			files = (
			);
			runOnlyForDeploymentPostprocessing = 0;
		};
		DC7565B820749BBE00872BF2 /* Frameworks */ = {
			isa = PBXFrameworksBuildPhase;
			buildActionMask = 2147483647;
			files = (
			);
			runOnlyForDeploymentPostprocessing = 0;
		};
/* End PBXFrameworksBuildPhase section */

/* Begin PBXGroup section */
		DC75659320749BBD00872BF2 = {
			isa = PBXGroup;
			children = (
				DC75659E20749BBD00872BF2 /* SnapshotSample */,
				DC7565B320749BBE00872BF2 /* SnapshotSampleTests */,
				DC7565BE20749BBE00872BF2 /* SnapshotSampleUITests */,
				DC75659D20749BBD00872BF2 /* Products */,
			);
			sourceTree = "<group>";
		};
		DC75659D20749BBD00872BF2 /* Products */ = {
			isa = PBXGroup;
			children = (
				DC75659C20749BBD00872BF2 /* SnapshotSample.app */,
				DC7565B020749BBE00872BF2 /* SnapshotSampleTests.xctest */,
				DC7565BB20749BBE00872BF2 /* SnapshotSampleUITests.xctest */,
			);
			name = Products;
			sourceTree = "<group>";
		};
		DC75659E20749BBD00872BF2 /* SnapshotSample */ = {
			isa = PBXGroup;
			children = (
				DC7565D42074AC5A00872BF2 /* ViewController */,
				DC7565CF2074A88100872BF2 /* Coordinator */,
				DC75659F20749BBD00872BF2 /* AppDelegate.swift */,
				DC7565A120749BBD00872BF2 /* ViewController.swift */,
				DC7565A320749BBD00872BF2 /* Main.storyboard */,
				DC7565A620749BBD00872BF2 /* Assets.xcassets */,
				DC7565A820749BBD00872BF2 /* LaunchScreen.storyboard */,
				DC7565AB20749BBD00872BF2 /* Info.plist */,
			);
			path = SnapshotSample;
			sourceTree = "<group>";
		};
		DC7565B320749BBE00872BF2 /* SnapshotSampleTests */ = {
			isa = PBXGroup;
			children = (
				DC7565B420749BBE00872BF2 /* SnapshotSampleTests.swift */,
				DC7565B620749BBE00872BF2 /* Info.plist */,
			);
			path = SnapshotSampleTests;
			sourceTree = "<group>";
		};
		DC7565BE20749BBE00872BF2 /* SnapshotSampleUITests */ = {
			isa = PBXGroup;
			children = (
				DC7565CD20749DC300872BF2 /* SnapshotHelper.swift */,
				DC7565BF20749BBE00872BF2 /* SnapshotSampleUITests.swift */,
				DC7565C120749BBE00872BF2 /* Info.plist */,
			);
			path = SnapshotSampleUITests;
			sourceTree = "<group>";
		};
		DC7565CF2074A88100872BF2 /* Coordinator */ = {
			isa = PBXGroup;
			children = (
				DC7565D02074A8CB00872BF2 /* Coordinator.swift */,
				DC7565D22074A8DD00872BF2 /* ApplicationCoordinator.swift */,
				DC7565D72074BB6E00872BF2 /* HomeCoordinator.swift */,
				DC7565E12074E11C00872BF2 /* FeatureCoordinator.swift */,
				DC7565D92074BB8800872BF2 /* SerialCoordinator.swift */,
				DC7565DB2074BB9C00872BF2 /* PopularCoordinator.swift */,
				DC7565DD2074BBB000872BF2 /* MagazineCoordinator.swift */,
				DC7565DF2074BBC300872BF2 /* SettingCoordinator.swift */,
				DC7565E32075BF0100872BF2 /* BuyTicketCoordinator.swift */,
			);
			path = Coordinator;
			sourceTree = "<group>";
		};
		DC7565D42074AC5A00872BF2 /* ViewController */ = {
			isa = PBXGroup;
			children = (
				DC7565D52074AEED00872BF2 /* InjectionViewController.swift */,
			);
			path = ViewController;
			sourceTree = "<group>";
		};
/* End PBXGroup section */

/* Begin PBXNativeTarget section */
		DC75659B20749BBD00872BF2 /* SnapshotSample */ = {
			isa = PBXNativeTarget;
			buildConfigurationList = DC7565C420749BBE00872BF2 /* Build configuration list for PBXNativeTarget "SnapshotSample" */;
			buildPhases = (
				DC75659820749BBD00872BF2 /* Sources */,
				DC75659920749BBD00872BF2 /* Frameworks */,
				DC75659A20749BBD00872BF2 /* Resources */,
			);
			buildRules = (
			);
			dependencies = (
			);
			name = SnapshotSample;
			productName = SnapshotSample;
			productReference = DC75659C20749BBD00872BF2 /* SnapshotSample.app */;
			productType = "com.apple.product-type.application";
		};
		DC7565AF20749BBE00872BF2 /* SnapshotSampleTests */ = {
			isa = PBXNativeTarget;
			buildConfigurationList = DC7565C720749BBE00872BF2 /* Build configuration list for PBXNativeTarget "SnapshotSampleTests" */;
			buildPhases = (
				DC7565AC20749BBE00872BF2 /* Sources */,
				DC7565AD20749BBE00872BF2 /* Frameworks */,
				DC7565AE20749BBE00872BF2 /* Resources */,
			);
			buildRules = (
			);
			dependencies = (
				DC7565B220749BBE00872BF2 /* PBXTargetDependency */,
			);
			name = SnapshotSampleTests;
			productName = SnapshotSampleTests;
			productReference = DC7565B020749BBE00872BF2 /* SnapshotSampleTests.xctest */;
			productType = "com.apple.product-type.bundle.unit-test";
		};
		DC7565BA20749BBE00872BF2 /* SnapshotSampleUITests */ = {
			isa = PBXNativeTarget;
			buildConfigurationList = DC7565CA20749BBE00872BF2 /* Build configuration list for PBXNativeTarget "SnapshotSampleUITests" */;
			buildPhases = (
				DC7565B720749BBE00872BF2 /* Sources */,
				DC7565B820749BBE00872BF2 /* Frameworks */,
				DC7565B920749BBE00872BF2 /* Resources */,
			);
			buildRules = (
			);
			dependencies = (
				DC7565BD20749BBE00872BF2 /* PBXTargetDependency */,
			);
			name = SnapshotSampleUITests;
			productName = SnapshotSampleUITests;
			productReference = DC7565BB20749BBE00872BF2 /* SnapshotSampleUITests.xctest */;
			productType = "com.apple.product-type.bundle.ui-testing";
		};
/* End PBXNativeTarget section */

/* Begin PBXProject section */
		DC75659420749BBD00872BF2 /* Project object */ = {
			isa = PBXProject;
			attributes = {
				LastSwiftUpdateCheck = 0920;
				LastUpgradeCheck = 0920;
				ORGANIZATIONNAME = "Nagisa Inc.";
				TargetAttributes = {
					DC75659B20749BBD00872BF2 = {
						CreatedOnToolsVersion = 9.2;
						ProvisioningStyle = Automatic;
					};
					DC7565AF20749BBE00872BF2 = {
						CreatedOnToolsVersion = 9.2;
						ProvisioningStyle = Automatic;
						TestTargetID = DC75659B20749BBD00872BF2;
					};
					DC7565BA20749BBE00872BF2 = {
						CreatedOnToolsVersion = 9.2;
						ProvisioningStyle = Automatic;
						TestTargetID = DC75659B20749BBD00872BF2;
					};
				};
			};
			buildConfigurationList = DC75659720749BBD00872BF2 /* Build configuration list for PBXProject "SnapshotSample" */;
			compatibilityVersion = "Xcode 8.0";
			developmentRegion = en;
			hasScannedForEncodings = 0;
			knownRegions = (
				en,
				Base,
			);
			mainGroup = DC75659320749BBD00872BF2;
			productRefGroup = DC75659D20749BBD00872BF2 /* Products */;
			projectDirPath = "";
			projectRoot = "";
			targets = (
				DC75659B20749BBD00872BF2 /* SnapshotSample */,
				DC7565AF20749BBE00872BF2 /* SnapshotSampleTests */,
				DC7565BA20749BBE00872BF2 /* SnapshotSampleUITests */,
			);
		};
/* End PBXProject section */

/* Begin PBXResourcesBuildPhase section */
		DC75659A20749BBD00872BF2 /* Resources */ = {
			isa = PBXResourcesBuildPhase;
			buildActionMask = 2147483647;
			files = (
				DC7565AA20749BBD00872BF2 /* LaunchScreen.storyboard in Resources */,
				DC7565A720749BBD00872BF2 /* Assets.xcassets in Resources */,
				DC7565A520749BBD00872BF2 /* Main.storyboard in Resources */,
			);
			runOnlyForDeploymentPostprocessing = 0;
		};
		DC7565AE20749BBE00872BF2 /* Resources */ = {
			isa = PBXResourcesBuildPhase;
			buildActionMask = 2147483647;
			files = (
			);
			runOnlyForDeploymentPostprocessing = 0;
		};
		DC7565B920749BBE00872BF2 /* Resources */ = {
			isa = PBXResourcesBuildPhase;
			buildActionMask = 2147483647;
			files = (
			);
			runOnlyForDeploymentPostprocessing = 0;
		};
/* End PBXResourcesBuildPhase section */

/* Begin PBXSourcesBuildPhase section */
		DC75659820749BBD00872BF2 /* Sources */ = {
			isa = PBXSourcesBuildPhase;
			buildActionMask = 2147483647;
			files = (
				DC7565DA2074BB8800872BF2 /* SerialCoordinator.swift in Sources */,
				DC7565A220749BBD00872BF2 /* ViewController.swift in Sources */,
				DC7565E22074E11C00872BF2 /* FeatureCoordinator.swift in Sources */,
				DC7565DC2074BB9C00872BF2 /* PopularCoordinator.swift in Sources */,
				DC7565D62074AEED00872BF2 /* InjectionViewController.swift in Sources */,
				DC7565A020749BBD00872BF2 /* AppDelegate.swift in Sources */,
				DC7565D12074A8CB00872BF2 /* Coordinator.swift in Sources */,
				DC7565E42075BF0100872BF2 /* BuyTicketCoordinator.swift in Sources */,
				DC7565DE2074BBB000872BF2 /* MagazineCoordinator.swift in Sources */,
				DC7565E02074BBC300872BF2 /* SettingCoordinator.swift in Sources */,
				DC7565D32074A8DD00872BF2 /* ApplicationCoordinator.swift in Sources */,
				DC7565D82074BB6E00872BF2 /* HomeCoordinator.swift in Sources */,
			);
			runOnlyForDeploymentPostprocessing = 0;
		};
		DC7565AC20749BBE00872BF2 /* Sources */ = {
			isa = PBXSourcesBuildPhase;
			buildActionMask = 2147483647;
			files = (
				DC7565B520749BBE00872BF2 /* SnapshotSampleTests.swift in Sources */,
			);
			runOnlyForDeploymentPostprocessing = 0;
		};
		DC7565B720749BBE00872BF2 /* Sources */ = {
			isa = PBXSourcesBuildPhase;
			buildActionMask = 2147483647;
			files = (
				DC7565C020749BBE00872BF2 /* SnapshotSampleUITests.swift in Sources */,
				DC7565CE20749DC300872BF2 /* SnapshotHelper.swift in Sources */,
			);
			runOnlyForDeploymentPostprocessing = 0;
		};
/* End PBXSourcesBuildPhase section */

/* Begin PBXTargetDependency section */
		DC7565B220749BBE00872BF2 /* PBXTargetDependency */ = {
			isa = PBXTargetDependency;
			target = DC75659B20749BBD00872BF2 /* SnapshotSample */;
			targetProxy = DC7565B120749BBE00872BF2 /* PBXContainerItemProxy */;
		};
		DC7565BD20749BBE00872BF2 /* PBXTargetDependency */ = {
			isa = PBXTargetDependency;
			target = DC75659B20749BBD00872BF2 /* SnapshotSample */;
			targetProxy = DC7565BC20749BBE00872BF2 /* PBXContainerItemProxy */;
		};
/* End PBXTargetDependency section */

/* Begin PBXVariantGroup section */
		DC7565A320749BBD00872BF2 /* Main.storyboard */ = {
			isa = PBXVariantGroup;
			children = (
				DC7565A420749BBD00872BF2 /* Base */,
			);
			name = Main.storyboard;
			sourceTree = "<group>";
		};
		DC7565A820749BBD00872BF2 /* LaunchScreen.storyboard */ = {
			isa = PBXVariantGroup;
			children = (
				DC7565A920749BBD00872BF2 /* Base */,
			);
			name = LaunchScreen.storyboard;
			sourceTree = "<group>";
		};
/* End PBXVariantGroup section */

/* Begin XCBuildConfiguration section */
		DC7565C220749BBE00872BF2 /* Debug */ = {
			isa = XCBuildConfiguration;
			buildSettings = {
				ALWAYS_SEARCH_USER_PATHS = NO;
				CLANG_ANALYZER_NONNULL = YES;
				CLANG_ANALYZER_NUMBER_OBJECT_CONVERSION = YES_AGGRESSIVE;
				CLANG_CXX_LANGUAGE_STANDARD = "gnu++14";
				CLANG_CXX_LIBRARY = "libc++";
				CLANG_ENABLE_MODULES = YES;
				CLANG_ENABLE_OBJC_ARC = YES;
				CLANG_WARN_BLOCK_CAPTURE_AUTORELEASING = YES;
				CLANG_WARN_BOOL_CONVERSION = YES;
				CLANG_WARN_COMMA = YES;
				CLANG_WARN_CONSTANT_CONVERSION = YES;
				CLANG_WARN_DIRECT_OBJC_ISA_USAGE = YES_ERROR;
				CLANG_WARN_DOCUMENTATION_COMMENTS = YES;
				CLANG_WARN_EMPTY_BODY = YES;
				CLANG_WARN_ENUM_CONVERSION = YES;
				CLANG_WARN_INFINITE_RECURSION = YES;
				CLANG_WARN_INT_CONVERSION = YES;
				CLANG_WARN_NON_LITERAL_NULL_CONVERSION = YES;
				CLANG_WARN_OBJC_LITERAL_CONVERSION = YES;
				CLANG_WARN_OBJC_ROOT_CLASS = YES_ERROR;
				CLANG_WARN_RANGE_LOOP_ANALYSIS = YES;
				CLANG_WARN_STRICT_PROTOTYPES = YES;
				CLANG_WARN_SUSPICIOUS_MOVE = YES;
				CLANG_WARN_UNGUARDED_AVAILABILITY = YES_AGGRESSIVE;
				CLANG_WARN_UNREACHABLE_CODE = YES;
				CLANG_WARN__DUPLICATE_METHOD_MATCH = YES;
				CODE_SIGN_IDENTITY = "iPhone Developer";
				COPY_PHASE_STRIP = NO;
				DEBUG_INFORMATION_FORMAT = dwarf;
				ENABLE_STRICT_OBJC_MSGSEND = YES;
				ENABLE_TESTABILITY = YES;
				GCC_C_LANGUAGE_STANDARD = gnu11;
				GCC_DYNAMIC_NO_PIC = NO;
				GCC_NO_COMMON_BLOCKS = YES;
				GCC_OPTIMIZATION_LEVEL = 0;
				GCC_PREPROCESSOR_DEFINITIONS = (
					"DEBUG=1",
					"$(inherited)",
				);
				GCC_WARN_64_TO_32_BIT_CONVERSION = YES;
				GCC_WARN_ABOUT_RETURN_TYPE = YES_ERROR;
				GCC_WARN_UNDECLARED_SELECTOR = YES;
				GCC_WARN_UNINITIALIZED_AUTOS = YES_AGGRESSIVE;
				GCC_WARN_UNUSED_FUNCTION = YES;
				GCC_WARN_UNUSED_VARIABLE = YES;
				IPHONEOS_DEPLOYMENT_TARGET = 11.2;
				MTL_ENABLE_DEBUG_INFO = YES;
				ONLY_ACTIVE_ARCH = YES;
				SDKROOT = iphoneos;
				SWIFT_ACTIVE_COMPILATION_CONDITIONS = DEBUG;
				SWIFT_OPTIMIZATION_LEVEL = "-Onone";
			};
			name = Debug;
		};
		DC7565C320749BBE00872BF2 /* Release */ = {
			isa = XCBuildConfiguration;
			buildSettings = {
				ALWAYS_SEARCH_USER_PATHS = NO;
				CLANG_ANALYZER_NONNULL = YES;
				CLANG_ANALYZER_NUMBER_OBJECT_CONVERSION = YES_AGGRESSIVE;
				CLANG_CXX_LANGUAGE_STANDARD = "gnu++14";
				CLANG_CXX_LIBRARY = "libc++";
				CLANG_ENABLE_MODULES = YES;
				CLANG_ENABLE_OBJC_ARC = YES;
				CLANG_WARN_BLOCK_CAPTURE_AUTORELEASING = YES;
				CLANG_WARN_BOOL_CONVERSION = YES;
				CLANG_WARN_COMMA = YES;
				CLANG_WARN_CONSTANT_CONVERSION = YES;
				CLANG_WARN_DIRECT_OBJC_ISA_USAGE = YES_ERROR;
				CLANG_WARN_DOCUMENTATION_COMMENTS = YES;
				CLANG_WARN_EMPTY_BODY = YES;
				CLANG_WARN_ENUM_CONVERSION = YES;
				CLANG_WARN_INFINITE_RECURSION = YES;
				CLANG_WARN_INT_CONVERSION = YES;
				CLANG_WARN_NON_LITERAL_NULL_CONVERSION = YES;
				CLANG_WARN_OBJC_LITERAL_CONVERSION = YES;
				CLANG_WARN_OBJC_ROOT_CLASS = YES_ERROR;
				CLANG_WARN_RANGE_LOOP_ANALYSIS = YES;
				CLANG_WARN_STRICT_PROTOTYPES = YES;
				CLANG_WARN_SUSPICIOUS_MOVE = YES;
				CLANG_WARN_UNGUARDED_AVAILABILITY = YES_AGGRESSIVE;
				CLANG_WARN_UNREACHABLE_CODE = YES;
				CLANG_WARN__DUPLICATE_METHOD_MATCH = YES;
				CODE_SIGN_IDENTITY = "iPhone Developer";
				COPY_PHASE_STRIP = NO;
				DEBUG_INFORMATION_FORMAT = "dwarf-with-dsym";
				ENABLE_NS_ASSERTIONS = NO;
				ENABLE_STRICT_OBJC_MSGSEND = YES;
				GCC_C_LANGUAGE_STANDARD = gnu11;
				GCC_NO_COMMON_BLOCKS = YES;
				GCC_WARN_64_TO_32_BIT_CONVERSION = YES;
				GCC_WARN_ABOUT_RETURN_TYPE = YES_ERROR;
				GCC_WARN_UNDECLARED_SELECTOR = YES;
				GCC_WARN_UNINITIALIZED_AUTOS = YES_AGGRESSIVE;
				GCC_WARN_UNUSED_FUNCTION = YES;
				GCC_WARN_UNUSED_VARIABLE = YES;
				IPHONEOS_DEPLOYMENT_TARGET = 11.2;
				MTL_ENABLE_DEBUG_INFO = NO;
				SDKROOT = iphoneos;
				SWIFT_OPTIMIZATION_LEVEL = "-Owholemodule";
				VALIDATE_PRODUCT = YES;
			};
			name = Release;
		};
		DC7565C520749BBE00872BF2 /* Debug */ = {
			isa = XCBuildConfiguration;
			buildSettings = {
				ASSETCATALOG_COMPILER_APPICON_NAME = AppIcon;
				CODE_SIGN_STYLE = Automatic;
				INFOPLIST_FILE = SnapshotSample/Info.plist;
				LD_RUNPATH_SEARCH_PATHS = "$(inherited) @executable_path/Frameworks";
				PRODUCT_BUNDLE_IDENTIFIER = com.coroco3.SnapshotSample;
				PRODUCT_NAME = "$(TARGET_NAME)";
				SWIFT_VERSION = 4.0;
				TARGETED_DEVICE_FAMILY = "1,2";
			};
			name = Debug;
		};
		DC7565C620749BBE00872BF2 /* Release */ = {
			isa = XCBuildConfiguration;
			buildSettings = {
				ASSETCATALOG_COMPILER_APPICON_NAME = AppIcon;
				CODE_SIGN_STYLE = Automatic;
				INFOPLIST_FILE = SnapshotSample/Info.plist;
				LD_RUNPATH_SEARCH_PATHS = "$(inherited) @executable_path/Frameworks";
				PRODUCT_BUNDLE_IDENTIFIER = com.coroco3.SnapshotSample;
				PRODUCT_NAME = "$(TARGET_NAME)";
				SWIFT_VERSION = 4.0;
				TARGETED_DEVICE_FAMILY = "1,2";
			};
			name = Release;
		};
		DC7565C820749BBE00872BF2 /* Debug */ = {
			isa = XCBuildConfiguration;
			buildSettings = {
				ALWAYS_EMBED_SWIFT_STANDARD_LIBRARIES = YES;
				BUNDLE_LOADER = "$(TEST_HOST)";
				CODE_SIGN_STYLE = Automatic;
				INFOPLIST_FILE = SnapshotSampleTests/Info.plist;
				LD_RUNPATH_SEARCH_PATHS = "$(inherited) @executable_path/Frameworks @loader_path/Frameworks";
				PRODUCT_BUNDLE_IDENTIFIER = com.coroco3.SnapshotSampleTests;
				PRODUCT_NAME = "$(TARGET_NAME)";
				SWIFT_VERSION = 4.0;
				TARGETED_DEVICE_FAMILY = "1,2";
				TEST_HOST = "$(BUILT_PRODUCTS_DIR)/SnapshotSample.app/SnapshotSample";
			};
			name = Debug;
		};
		DC7565C920749BBE00872BF2 /* Release */ = {
			isa = XCBuildConfiguration;
			buildSettings = {
				ALWAYS_EMBED_SWIFT_STANDARD_LIBRARIES = YES;
				BUNDLE_LOADER = "$(TEST_HOST)";
				CODE_SIGN_STYLE = Automatic;
				INFOPLIST_FILE = SnapshotSampleTests/Info.plist;
				LD_RUNPATH_SEARCH_PATHS = "$(inherited) @executable_path/Frameworks @loader_path/Frameworks";
				PRODUCT_BUNDLE_IDENTIFIER = com.coroco3.SnapshotSampleTests;
				PRODUCT_NAME = "$(TARGET_NAME)";
				SWIFT_VERSION = 4.0;
				TARGETED_DEVICE_FAMILY = "1,2";
				TEST_HOST = "$(BUILT_PRODUCTS_DIR)/SnapshotSample.app/SnapshotSample";
			};
			name = Release;
		};
		DC7565CB20749BBE00872BF2 /* Debug */ = {
			isa = XCBuildConfiguration;
			buildSettings = {
				ALWAYS_EMBED_SWIFT_STANDARD_LIBRARIES = YES;
				CODE_SIGN_STYLE = Automatic;
				INFOPLIST_FILE = SnapshotSampleUITests/Info.plist;
				LD_RUNPATH_SEARCH_PATHS = "$(inherited) @executable_path/Frameworks @loader_path/Frameworks";
				PRODUCT_BUNDLE_IDENTIFIER = com.coroco3.SnapshotSampleUITests;
				PRODUCT_NAME = "$(TARGET_NAME)";
				SWIFT_VERSION = 4.0;
				TARGETED_DEVICE_FAMILY = "1,2";
				TEST_TARGET_NAME = SnapshotSample;
			};
			name = Debug;
		};
		DC7565CC20749BBE00872BF2 /* Release */ = {
			isa = XCBuildConfiguration;
			buildSettings = {
				ALWAYS_EMBED_SWIFT_STANDARD_LIBRARIES = YES;
				CODE_SIGN_STYLE = Automatic;
				INFOPLIST_FILE = SnapshotSampleUITests/Info.plist;
				LD_RUNPATH_SEARCH_PATHS = "$(inherited) @executable_path/Frameworks @loader_path/Frameworks";
				PRODUCT_BUNDLE_IDENTIFIER = com.coroco3.SnapshotSampleUITests;
				PRODUCT_NAME = "$(TARGET_NAME)";
				SWIFT_VERSION = 4.0;
				TARGETED_DEVICE_FAMILY = "1,2";
				TEST_TARGET_NAME = SnapshotSample;
			};
			name = Release;
		};
/* End XCBuildConfiguration section */

/* Begin XCConfigurationList section */
		DC75659720749BBD00872BF2 /* Build configuration list for PBXProject "SnapshotSample" */ = {
			isa = XCConfigurationList;
			buildConfigurations = (
				DC7565C220749BBE00872BF2 /* Debug */,
				DC7565C320749BBE00872BF2 /* Release */,
			);
			defaultConfigurationIsVisible = 0;
			defaultConfigurationName = Release;
		};
		DC7565C420749BBE00872BF2 /* Build configuration list for PBXNativeTarget "SnapshotSample" */ = {
			isa = XCConfigurationList;
			buildConfigurations = (
				DC7565C520749BBE00872BF2 /* Debug */,
				DC7565C620749BBE00872BF2 /* Release */,
			);
			defaultConfigurationIsVisible = 0;
			defaultConfigurationName = Release;
		};
		DC7565C720749BBE00872BF2 /* Build configuration list for PBXNativeTarget "SnapshotSampleTests" */ = {
			isa = XCConfigurationList;
			buildConfigurations = (
				DC7565C820749BBE00872BF2 /* Debug */,
				DC7565C920749BBE00872BF2 /* Release */,
			);
			defaultConfigurationIsVisible = 0;
			defaultConfigurationName = Release;
		};
		DC7565CA20749BBE00872BF2 /* Build configuration list for PBXNativeTarget "SnapshotSampleUITests" */ = {
			isa = XCConfigurationList;
			buildConfigurations = (
				DC7565CB20749BBE00872BF2 /* Debug */,
				DC7565CC20749BBE00872BF2 /* Release */,
			);
			defaultConfigurationIsVisible = 0;
			defaultConfigurationName = Release;
		};
/* End XCConfigurationList section */
	};
	rootObject = DC75659420749BBD00872BF2 /* Project object */;
}
